
Microsoft Visual Studio Solution File, Format Version 12.00
# Visual Studio 15
VisualStudioVersion = 15.0.26124.0
MinimumVisualStudioVersion = 15.0.26124.0
Project("{2150E333-8FDC-42A3-9474-1A3956D46DE8}") = "src", "src", "{AD6BBE80-7D3C-4685-AD00-03A2767F7C0E}"
EndProject
Project("{FAE04EC0-301F-11D3-BF4B-00C04F79EFBC}") = "SimpleAPI", "src\SimpleAPI\SimpleAPI.csproj", "{5ECE201E-B752-4B70-87A2-C0272BEA8353}"
EndProject
Project("{2150E333-8FDC-42A3-9474-1A3956D46DE8}") = "test", "test", "{9B3E94D6-CC36-455B-B219-EC351A5C8683}"
EndProject
Project("{FAE04EC0-301F-11D3-BF4B-00C04F79EFBC}") = "SimpleAPI.Test", "test\SimpleAPI.Test\SimpleAPI.Test.csproj", "{870EF9FD-3DC9-41C1-9F97-01F43470F27A}"
EndProject
Global
	GlobalSection(SolutionConfigurationPlatforms) = preSolution
		Debug|Any CPU = Debug|Any CPU
		Debug|x64 = Debug|x64
		Debug|x86 = Debug|x86
		Release|Any CPU = Release|Any CPU
		Release|x64 = Release|x64
		Release|x86 = Release|x86
	EndGlobalSection
	GlobalSection(SolutionProperties) = preSolution
		HideSolutionNode = FALSE
	EndGlobalSection
	GlobalSection(ProjectConfigurationPlatforms) = postSolution
		{5ECE201E-B752-4B70-87A2-C0272BEA8353}.Debug|Any CPU.ActiveCfg = Debug|Any CPU
		{5ECE201E-B752-4B70-87A2-C0272BEA8353}.Debug|Any CPU.Build.0 = Debug|Any CPU
		{5ECE201E-B752-4B70-87A2-C0272BEA8353}.Debug|x64.ActiveCfg = Debug|Any CPU
		{5ECE201E-B752-4B70-87A2-C0272BEA8353}.Debug|x64.Build.0 = Debug|Any CPU
		{5ECE201E-B752-4B70-87A2-C0272BEA8353}.Debug|x86.ActiveCfg = Debug|Any CPU
		{5ECE201E-B752-4B70-87A2-C0272BEA8353}.Debug|x86.Build.0 = Debug|Any CPU
		{5ECE201E-B752-4B70-87A2-C0272BEA8353}.Release|Any CPU.ActiveCfg = Release|Any CPU
		{5ECE201E-B752-4B70-87A2-C0272BEA8353}.Release|Any CPU.Build.0 = Release|Any CPU
		{5ECE201E-B752-4B70-87A2-C0272BEA8353}.Release|x64.ActiveCfg = Release|Any CPU
		{5ECE201E-B752-4B70-87A2-C0272BEA8353}.Release|x64.Build.0 = Release|Any CPU
		{5ECE201E-B752-4B70-87A2-C0272BEA8353}.Release|x86.ActiveCfg = Release|Any CPU
		{5ECE201E-B752-4B70-87A2-C0272BEA8353}.Release|x86.Build.0 = Release|Any CPU
		{870EF9FD-3DC9-41C1-9F97-01F43470F27A}.Debug|Any CPU.ActiveCfg = Debug|Any CPU
		{870EF9FD-3DC9-41C1-9F97-01F43470F27A}.Debug|Any CPU.Build.0 = Debug|Any CPU
		{870EF9FD-3DC9-41C1-9F97-01F43470F27A}.Debug|x64.ActiveCfg = Debug|Any CPU
		{870EF9FD-3DC9-41C1-9F97-01F43470F27A}.Debug|x64.Build.0 = Debug|Any CPU
		{870EF9FD-3DC9-41C1-9F97-01F43470F27A}.Debug|x86.ActiveCfg = Debug|Any CPU
		{870EF9FD-3DC9-41C1-9F97-01F43470F27A}.Debug|x86.Build.0 = Debug|Any CPU
		{870EF9FD-3DC9-41C1-9F97-01F43470F27A}.Release|Any CPU.ActiveCfg = Release|Any CPU
		{870EF9FD-3DC9-41C1-9F97-01F43470F27A}.Release|Any CPU.Build.0 = Release|Any CPU
		{870EF9FD-3DC9-41C1-9F97-01F43470F27A}.Release|x64.ActiveCfg = Release|Any CPU
		{870EF9FD-3DC9-41C1-9F97-01F43470F27A}.Release|x64.Build.0 = Release|Any CPU
		{870EF9FD-3DC9-41C1-9F97-01F43470F27A}.Release|x86.ActiveCfg = Release|Any CPU
		{870EF9FD-3DC9-41C1-9F97-01F43470F27A}.Release|x86.Build.0 = Release|Any CPU
	EndGlobalSection
	GlobalSection(NestedProjects) = preSolution
		{5ECE201E-B752-4B70-87A2-C0272BEA8353} = {AD6BBE80-7D3C-4685-AD00-03A2767F7C0E}
		{870EF9FD-3DC9-41C1-9F97-01F43470F27A} = {9B3E94D6-CC36-455B-B219-EC351A5C8683}
	EndGlobalSection
EndGlobal
